{
  "originHash" : "63ecff90fad8c6337aba11436e0b1b7fa9e1dc42497f11c66c234a9a336d3c4a",
  "pins" : [
    {
      "identity" : "alamofire",
      "kind" : "remoteSourceControl",
      "location" : "https://github.com/Alamofire/Alamofire.git",
      "state" : {
        "revision" : "513364f870f6bfc468f9d2ff0a95caccc10044c5",
        "version" : "5.10.2"
      }
    },
    {
      "identity" : "githublensnetworks",
      "kind" : "remoteSourceControl",
      "location" : "git@github.com:jokerphuongnam/GithubLensNetworks.git",
      "state" : {
        "revision" : "88ecb367fe96e0258474785b9b798119990c6e2d",
        "version" : "1.0.1"
      }
    },
    {
      "identity" : "kingfisher",
      "kind" : "remoteSourceControl",
      "location" : "git@github.com:onevcat/Kingfisher.git",
      "state" : {
        "revision" : "3db26ab625d194c38e68c1a40e43d1bc12743fe0",
        "version" : "8.2.0"
      }
    },
    {
      "identity" : "swinject",
      "kind" : "remoteSourceControl",
      "location" : "https://github.com/Swinject/Swinject.git",
      "state" : {
        "revision" : "be9dbcc7b86811bc131539a20c6f9c2d3e56919f",
        "version" : "2.9.1"
      }
    },
    {
      "identity" : "swinjectautoregistration",
      "kind" : "remoteSourceControl",
      "location" : "https://github.com/Swinject/SwinjectAutoregistration.git",
      "state" : {
        "revision" : "fd9ffae5f666d37b4b3c210af2e16a10598342e4",
        "version" : "2.9.1"
      }
    }
  ],
  "version" : 3
}
